
Microsoft Visual Studio Solution File, Format Version 11.00
# Visual Studio 2010
Project("{F184B08F-C81C-45F6-A57F-5ABD9991F28F}") = "Proyecto TCU", "Proyecto TCU\Proyecto TCU.vbproj", "{9A0777BE-8CF1-46C2-9E9C-0ABDDFFF15AA}"
EndProject
Global
	GlobalSection(SolutionConfigurationPlatforms) = preSolution
		Debug|x86 = Debug|x86
		Release|x86 = Release|x86
	EndGlobalSection
	GlobalSection(ProjectConfigurationPlatforms) = postSolution
		{9A0777BE-8CF1-46C2-9E9C-0ABDDFFF15AA}.Debug|x86.ActiveCfg = Debug|x86
		{9A0777BE-8CF1-46C2-9E9C-0ABDDFFF15AA}.Debug|x86.Build.0 = Debug|x86
		{9A0777BE-8CF1-46C2-9E9C-0ABDDFFF15AA}.Release|x86.ActiveCfg = Release|x86
		{9A0777BE-8CF1-46C2-9E9C-0ABDDFFF15AA}.Release|x86.Build.0 = Release|x86
	EndGlobalSection
	GlobalSection(SolutionProperties) = preSolution
		HideSolutionNode = FALSE
	EndGlobalSection
EndGlobal
